
Microsoft Visual Studio Solution File, Format Version 12.00
# Visual Studio Version 17
VisualStudioVersion = 17.2.32630.192
MinimumVisualStudioVersion = 10.0.40219.1
Project("{FAE04EC0-301F-11D3-BF4B-00C04F79EFBC}") = "Sorting_letters_in_word", "Sorting_letters_in_word\Sorting_letters_in_word.csproj", "{2809B945-352C-42DC-94B5-FFF10E955CC0}"
EndProject
Global
	GlobalSection(SolutionConfigurationPlatforms) = preSolution
		Debug|Any CPU = Debug|Any CPU
		Release|Any CPU = Release|Any CPU
	EndGlobalSection
	GlobalSection(ProjectConfigurationPlatforms) = postSolution
		{2809B945-352C-42DC-94B5-FFF10E955CC0}.Debug|Any CPU.ActiveCfg = Debug|Any CPU
		{2809B945-352C-42DC-94B5-FFF10E955CC0}.Debug|Any CPU.Build.0 = Debug|Any CPU
		{2809B945-352C-42DC-94B5-FFF10E955CC0}.Release|Any CPU.ActiveCfg = Release|Any CPU
		{2809B945-352C-42DC-94B5-FFF10E955CC0}.Release|Any CPU.Build.0 = Release|Any CPU
	EndGlobalSection
	GlobalSection(SolutionProperties) = preSolution
		HideSolutionNode = FALSE
	EndGlobalSection
	GlobalSection(ExtensibilityGlobals) = postSolution
		SolutionGuid = {59BB1D8B-0BFC-4CD1-BF3B-BC8B0BFB7C24}
	EndGlobalSection
EndGlobal
